
Microsoft Visual Studio Solution File, Format Version 12.00
# Visual Studio Version 16
VisualStudioVersion = 16.0.30503.244
MinimumVisualStudioVersion = 10.0.40219.1
Project("{9A19103F-16F7-4668-BE54-9A1E7A4F7556}") = "Entities", "Entities\Entities.csproj", "{C5E1E4D4-01C7-47DF-B4EC-81677F1D4931}"
EndProject
Project("{9A19103F-16F7-4668-BE54-9A1E7A4F7556}") = "DataAccess", "DataAccess\DataAccess.csproj", "{8D06BEA6-DBBA-40ED-90C5-46F5B5B09A35}"
EndProject
Project("{9A19103F-16F7-4668-BE54-9A1E7A4F7556}") = "Business", "Business\Business.csproj", "{71386196-E43A-4811-8BD2-53394B960427}"
EndProject
Project("{9A19103F-16F7-4668-BE54-9A1E7A4F7556}") = "WebApi", "WebApi\WebApi.csproj", "{1132FA08-A1E6-4E40-915E-1DE1CD81E3D8}"
EndProject
Project("{FAE04EC0-301F-11D3-BF4B-00C04F79EFBC}") = "DTO", "DTO\DTO.csproj", "{E5F02846-514D-4A8F-82E3-D30C04BB8335}"
EndProject
Global
	GlobalSection(SolutionConfigurationPlatforms) = preSolution
		Debug|Any CPU = Debug|Any CPU
		Release|Any CPU = Release|Any CPU
	EndGlobalSection
	GlobalSection(ProjectConfigurationPlatforms) = postSolution
		{C5E1E4D4-01C7-47DF-B4EC-81677F1D4931}.Debug|Any CPU.ActiveCfg = Debug|Any CPU
		{C5E1E4D4-01C7-47DF-B4EC-81677F1D4931}.Debug|Any CPU.Build.0 = Debug|Any CPU
		{C5E1E4D4-01C7-47DF-B4EC-81677F1D4931}.Release|Any CPU.ActiveCfg = Release|Any CPU
		{C5E1E4D4-01C7-47DF-B4EC-81677F1D4931}.Release|Any CPU.Build.0 = Release|Any CPU
		{8D06BEA6-DBBA-40ED-90C5-46F5B5B09A35}.Debug|Any CPU.ActiveCfg = Debug|Any CPU
		{8D06BEA6-DBBA-40ED-90C5-46F5B5B09A35}.Debug|Any CPU.Build.0 = Debug|Any CPU
		{8D06BEA6-DBBA-40ED-90C5-46F5B5B09A35}.Release|Any CPU.ActiveCfg = Release|Any CPU
		{8D06BEA6-DBBA-40ED-90C5-46F5B5B09A35}.Release|Any CPU.Build.0 = Release|Any CPU
		{71386196-E43A-4811-8BD2-53394B960427}.Debug|Any CPU.ActiveCfg = Debug|Any CPU
		{71386196-E43A-4811-8BD2-53394B960427}.Debug|Any CPU.Build.0 = Debug|Any CPU
		{71386196-E43A-4811-8BD2-53394B960427}.Release|Any CPU.ActiveCfg = Release|Any CPU
		{71386196-E43A-4811-8BD2-53394B960427}.Release|Any CPU.Build.0 = Release|Any CPU
		{1132FA08-A1E6-4E40-915E-1DE1CD81E3D8}.Debug|Any CPU.ActiveCfg = Debug|Any CPU
		{1132FA08-A1E6-4E40-915E-1DE1CD81E3D8}.Debug|Any CPU.Build.0 = Debug|Any CPU
		{1132FA08-A1E6-4E40-915E-1DE1CD81E3D8}.Release|Any CPU.ActiveCfg = Release|Any CPU
		{1132FA08-A1E6-4E40-915E-1DE1CD81E3D8}.Release|Any CPU.Build.0 = Release|Any CPU
		{E5F02846-514D-4A8F-82E3-D30C04BB8335}.Debug|Any CPU.ActiveCfg = Debug|Any CPU
		{E5F02846-514D-4A8F-82E3-D30C04BB8335}.Debug|Any CPU.Build.0 = Debug|Any CPU
		{E5F02846-514D-4A8F-82E3-D30C04BB8335}.Release|Any CPU.ActiveCfg = Release|Any CPU
		{E5F02846-514D-4A8F-82E3-D30C04BB8335}.Release|Any CPU.Build.0 = Release|Any CPU
	EndGlobalSection
	GlobalSection(SolutionProperties) = preSolution
		HideSolutionNode = FALSE
	EndGlobalSection
	GlobalSection(ExtensibilityGlobals) = postSolution
		SolutionGuid = {C1FFB623-A6B3-40C5-85D5-8BB96C49FB8F}
	EndGlobalSection
EndGlobal
